
Microsoft Visual Studio Solution File, Format Version 12.00
# Visual Studio Version 17
VisualStudioVersion = 17.7.34221.43
MinimumVisualStudioVersion = 10.0.40219.1
Project("{9A19103F-16F7-4668-BE54-9A1E7A4F7556}") = "hello_world_api_ui", "hello_world_api_ui\hello_world_api_ui.csproj", "{6D693C33-39DA-4627-876D-4066C2D98533}"
EndProject
Project("{9A19103F-16F7-4668-BE54-9A1E7A4F7556}") = "hello_world_cli", "hello_world_cli\hello_world_cli.csproj", "{FD21CFF9-25D5-4829-BED1-10B2A0ACC4CB}"
EndProject
Project("{FAE04EC0-301F-11D3-BF4B-00C04F79EFBC}") = "HelloWebAPi", "HelloWebAPi\HelloWebAPi.csproj", "{403AC07D-79D6-4BC3-A810-D1D2809D89CB}"
EndProject
Global
	GlobalSection(SolutionConfigurationPlatforms) = preSolution
		Debug|Any CPU = Debug|Any CPU
		Release|Any CPU = Release|Any CPU
	EndGlobalSection
	GlobalSection(ProjectConfigurationPlatforms) = postSolution
		{6D693C33-39DA-4627-876D-4066C2D98533}.Debug|Any CPU.ActiveCfg = Debug|Any CPU
		{6D693C33-39DA-4627-876D-4066C2D98533}.Debug|Any CPU.Build.0 = Debug|Any CPU
		{6D693C33-39DA-4627-876D-4066C2D98533}.Release|Any CPU.ActiveCfg = Release|Any CPU
		{6D693C33-39DA-4627-876D-4066C2D98533}.Release|Any CPU.Build.0 = Release|Any CPU
		{FD21CFF9-25D5-4829-BED1-10B2A0ACC4CB}.Debug|Any CPU.ActiveCfg = Debug|Any CPU
		{FD21CFF9-25D5-4829-BED1-10B2A0ACC4CB}.Debug|Any CPU.Build.0 = Debug|Any CPU
		{FD21CFF9-25D5-4829-BED1-10B2A0ACC4CB}.Release|Any CPU.ActiveCfg = Release|Any CPU
		{FD21CFF9-25D5-4829-BED1-10B2A0ACC4CB}.Release|Any CPU.Build.0 = Release|Any CPU
		{403AC07D-79D6-4BC3-A810-D1D2809D89CB}.Debug|Any CPU.ActiveCfg = Debug|Any CPU
		{403AC07D-79D6-4BC3-A810-D1D2809D89CB}.Debug|Any CPU.Build.0 = Debug|Any CPU
		{403AC07D-79D6-4BC3-A810-D1D2809D89CB}.Release|Any CPU.ActiveCfg = Release|Any CPU
		{403AC07D-79D6-4BC3-A810-D1D2809D89CB}.Release|Any CPU.Build.0 = Release|Any CPU
	EndGlobalSection
	GlobalSection(SolutionProperties) = preSolution
		HideSolutionNode = FALSE
	EndGlobalSection
	GlobalSection(ExtensibilityGlobals) = postSolution
		SolutionGuid = {7A1FA612-944F-4520-8A1E-F88FF2FF9B65}
	EndGlobalSection
EndGlobal
